
Microsoft Visual Studio Solution File, Format Version 12.00
Project("{FAE04EC0-301F-11D3-BF4B-00C04F79EFBC}") = "SimpleUCK2PlusMonitor.Console", "SimpleUCK2PlusMonitor.Console\SimpleUCK2PlusMonitor.Console.csproj", "{AE4A8F2D-2A69-431E-8912-FBB0E1205F5A}"
EndProject
Global
	GlobalSection(SolutionConfigurationPlatforms) = preSolution
		Debug|Any CPU = Debug|Any CPU
		Release|Any CPU = Release|Any CPU
	EndGlobalSection
	GlobalSection(ProjectConfigurationPlatforms) = postSolution
		{AE4A8F2D-2A69-431E-8912-FBB0E1205F5A}.Debug|Any CPU.ActiveCfg = Debug|Any CPU
		{AE4A8F2D-2A69-431E-8912-FBB0E1205F5A}.Debug|Any CPU.Build.0 = Debug|Any CPU
		{AE4A8F2D-2A69-431E-8912-FBB0E1205F5A}.Release|Any CPU.ActiveCfg = Release|Any CPU
		{AE4A8F2D-2A69-431E-8912-FBB0E1205F5A}.Release|Any CPU.Build.0 = Release|Any CPU
	EndGlobalSection
EndGlobal
